// !$*UTF8*$!
{
	archiveVersion = 1;
	classes = {
	};
	objectVersion = 46;
	objects = {

/* Begin PBXBuildFile section */
		764999F617B079C700111705 /* AFFBlock.m in Sources */ = {isa = PBXBuildFile; fileRef = 769CE0F017ADFA4000AFDA68 /* AFFBlock.m */; settings = {COMPILER_FLAGS = "-fno-objc-arc"; }; };
		764999F917B079D500111705 /* AFFEvent.m in Sources */ = {isa = PBXBuildFile; fileRef = 765452E7179C4130003F40B3 /* AFFEvent.m */; settings = {COMPILER_FLAGS = "-fno-objc-arc"; }; };
		764999FA17B079D900111705 /* AFFEventAPI.m in Sources */ = {isa = PBXBuildFile; fileRef = 765452EA179C4130003F40B3 /* AFFEventAPI.m */; settings = {COMPILER_FLAGS = "-fno-objc-arc"; }; };
		764999FD17B079E200111705 /* AFFEventHandler.m in Sources */ = {isa = PBXBuildFile; fileRef = 765452EF179C4130003F40B3 /* AFFEventHandler.m */; settings = {COMPILER_FLAGS = "-fno-objc-arc"; }; };
		764999FF17B079E500111705 /* AFFEventSystemHandler.m in Sources */ = {isa = PBXBuildFile; fileRef = 765452F2179C4130003F40B3 /* AFFEventSystemHandler.m */; settings = {COMPILER_FLAGS = "-fno-objc-arc"; }; };
		76499A2817B07C3200111705 /* Cocoa.framework in Frameworks */ = {isa = PBXBuildFile; fileRef = 764999D517B077AB00111705 /* Cocoa.framework */; };
		76499A2E17B07C3200111705 /* InfoPlist.strings in Resources */ = {isa = PBXBuildFile; fileRef = 76499A2C17B07C3200111705 /* InfoPlist.strings */; };
		76499A3017B07C3200111705 /* main.m in Sources */ = {isa = PBXBuildFile; fileRef = 76499A2F17B07C3200111705 /* main.m */; };
		76499A3417B07C3200111705 /* Credits.rtf in Resources */ = {isa = PBXBuildFile; fileRef = 76499A3217B07C3200111705 /* Credits.rtf */; };
		76499A3717B07C3200111705 /* AppDelegate.m in Sources */ = {isa = PBXBuildFile; fileRef = 76499A3617B07C3200111705 /* AppDelegate.m */; };
		76499A3E17B07C4700111705 /* AFFBlock.m in Sources */ = {isa = PBXBuildFile; fileRef = 769CE0F017ADFA4000AFDA68 /* AFFBlock.m */; settings = {COMPILER_FLAGS = "-fno-objc-arc"; }; };
		76499A3F17B07C4700111705 /* AFFEvent.m in Sources */ = {isa = PBXBuildFile; fileRef = 765452E7179C4130003F40B3 /* AFFEvent.m */; settings = {COMPILER_FLAGS = "-fno-objc-arc"; }; };
		76499A4017B07C4700111705 /* AFFEventAPI.m in Sources */ = {isa = PBXBuildFile; fileRef = 765452EA179C4130003F40B3 /* AFFEventAPI.m */; settings = {COMPILER_FLAGS = "-fno-objc-arc"; }; };
		76499A4117B07C4700111705 /* AFFEventHandler.m in Sources */ = {isa = PBXBuildFile; fileRef = 765452EF179C4130003F40B3 /* AFFEventHandler.m */; settings = {COMPILER_FLAGS = "-fno-objc-arc"; }; };
		76499A4217B07C4700111705 /* AFFEventSystemHandler.m in Sources */ = {isa = PBXBuildFile; fileRef = 765452F2179C4130003F40B3 /* AFFEventSystemHandler.m */; settings = {COMPILER_FLAGS = "-fno-objc-arc"; }; };
		76499A4617B0809600111705 /* ViewController.m in Sources */ = {isa = PBXBuildFile; fileRef = 76545316179C415D003F40B3 /* ViewController.m */; };
		76499A4A17B0849100111705 /* TestButton.m in Sources */ = {isa = PBXBuildFile; fileRef = 76499A4917B0849100111705 /* TestButton.m */; };
		765452FF179C415D003F40B3 /* UIKit.framework in Frameworks */ = {isa = PBXBuildFile; fileRef = 765452FE179C415D003F40B3 /* UIKit.framework */; };
		76545300179C415D003F40B3 /* Foundation.framework in Frameworks */ = {isa = PBXBuildFile; fileRef = 765452D7179C40DB003F40B3 /* Foundation.framework */; };
		76545302179C415D003F40B3 /* CoreGraphics.framework in Frameworks */ = {isa = PBXBuildFile; fileRef = 76545301179C415D003F40B3 /* CoreGraphics.framework */; };
		76545308179C415D003F40B3 /* InfoPlist.strings in Resources */ = {isa = PBXBuildFile; fileRef = 76545306179C415D003F40B3 /* InfoPlist.strings */; };
		7654530A179C415D003F40B3 /* main.m in Sources */ = {isa = PBXBuildFile; fileRef = 76545309179C415D003F40B3 /* main.m */; };
		7654530E179C415D003F40B3 /* AppDelegate.m in Sources */ = {isa = PBXBuildFile; fileRef = 7654530D179C415D003F40B3 /* AppDelegate.m */; };
		76545310179C415D003F40B3 /* Default.png in Resources */ = {isa = PBXBuildFile; fileRef = 7654530F179C415D003F40B3 /* Default.png */; };
		76545312179C415D003F40B3 /* Default@2x.png in Resources */ = {isa = PBXBuildFile; fileRef = 76545311179C415D003F40B3 /* Default@2x.png */; };
		76545314179C415D003F40B3 /* Default-568h@2x.png in Resources */ = {isa = PBXBuildFile; fileRef = 76545313179C415D003F40B3 /* Default-568h@2x.png */; };
		76545395179C6B8B003F40B3 /* TestButton.m in Sources */ = {isa = PBXBuildFile; fileRef = 76545394179C6B8B003F40B3 /* TestButton.m */; };
/* End PBXBuildFile section */

/* Begin PBXFileReference section */
		764999D517B077AB00111705 /* Cocoa.framework */ = {isa = PBXFileReference; lastKnownFileType = wrapper.framework; name = Cocoa.framework; path = Library/Frameworks/Cocoa.framework; sourceTree = DEVELOPER_DIR; };
		764999D817B077AB00111705 /* AppKit.framework */ = {isa = PBXFileReference; lastKnownFileType = wrapper.framework; name = AppKit.framework; path = Library/Frameworks/AppKit.framework; sourceTree = SDKROOT; };
		764999D917B077AB00111705 /* CoreData.framework */ = {isa = PBXFileReference; lastKnownFileType = wrapper.framework; name = CoreData.framework; path = Library/Frameworks/CoreData.framework; sourceTree = SDKROOT; };
		764999DA17B077AB00111705 /* Foundation.framework */ = {isa = PBXFileReference; lastKnownFileType = wrapper.framework; name = Foundation.framework; path = Library/Frameworks/Foundation.framework; sourceTree = SDKROOT; };
		76499A2717B07C3200111705 /* TestHarnessOSX.app */ = {isa = PBXFileReference; explicitFileType = wrapper.application; includeInIndex = 0; path = TestHarnessOSX.app; sourceTree = BUILT_PRODUCTS_DIR; };
		76499A2B17B07C3200111705 /* TestHarnessOSX-Info.plist */ = {isa = PBXFileReference; lastKnownFileType = text.plist.xml; path = "TestHarnessOSX-Info.plist"; sourceTree = "<group>"; };
		76499A2D17B07C3200111705 /* en */ = {isa = PBXFileReference; lastKnownFileType = text.plist.strings; name = en; path = en.lproj/InfoPlist.strings; sourceTree = "<group>"; };
		76499A2F17B07C3200111705 /* main.m */ = {isa = PBXFileReference; lastKnownFileType = sourcecode.c.objc; path = main.m; sourceTree = "<group>"; };
		76499A3117B07C3200111705 /* TestHarnessOSX-Prefix.pch */ = {isa = PBXFileReference; lastKnownFileType = sourcecode.c.h; path = "TestHarnessOSX-Prefix.pch"; sourceTree = "<group>"; };
		76499A3317B07C3200111705 /* en */ = {isa = PBXFileReference; lastKnownFileType = text.rtf; name = en; path = en.lproj/Credits.rtf; sourceTree = "<group>"; };
		76499A3517B07C3200111705 /* AppDelegate.h */ = {isa = PBXFileReference; lastKnownFileType = sourcecode.c.h; path = AppDelegate.h; sourceTree = "<group>"; };
		76499A3617B07C3200111705 /* AppDelegate.m */ = {isa = PBXFileReference; lastKnownFileType = sourcecode.c.objc; path = AppDelegate.m; sourceTree = "<group>"; };
		76499A4817B0849100111705 /* TestButton.h */ = {isa = PBXFileReference; fileEncoding = 4; lastKnownFileType = sourcecode.c.h; name = TestButton.h; path = TestButton/TestButton.h; sourceTree = "<group>"; };
		76499A4917B0849100111705 /* TestButton.m */ = {isa = PBXFileReference; fileEncoding = 4; lastKnownFileType = sourcecode.c.objc; name = TestButton.m; path = TestButton/TestButton.m; sourceTree = "<group>"; };
		765452D7179C40DB003F40B3 /* Foundation.framework */ = {isa = PBXFileReference; lastKnownFileType = wrapper.framework; name = Foundation.framework; path = System/Library/Frameworks/Foundation.framework; sourceTree = SDKROOT; };
		765452E6179C4130003F40B3 /* AFFEvent.h */ = {isa = PBXFileReference; fileEncoding = 4; lastKnownFileType = sourcecode.c.h; path = AFFEvent.h; sourceTree = "<group>"; };
		765452E7179C4130003F40B3 /* AFFEvent.m */ = {isa = PBXFileReference; fileEncoding = 4; lastKnownFileType = sourcecode.c.objc; path = AFFEvent.m; sourceTree = "<group>"; };
		765452E9179C4130003F40B3 /* AFFEventAPI.h */ = {isa = PBXFileReference; fileEncoding = 4; lastKnownFileType = sourcecode.c.h; path = AFFEventAPI.h; sourceTree = "<group>"; };
		765452EA179C4130003F40B3 /* AFFEventAPI.m */ = {isa = PBXFileReference; fileEncoding = 4; lastKnownFileType = sourcecode.c.objc; path = AFFEventAPI.m; sourceTree = "<group>"; };
		765452EC179C4130003F40B3 /* AFFEventCenter.h */ = {isa = PBXFileReference; fileEncoding = 4; lastKnownFileType = sourcecode.c.h; path = AFFEventCenter.h; sourceTree = "<group>"; };
		765452EE179C4130003F40B3 /* AFFEventHandler.h */ = {isa = PBXFileReference; fileEncoding = 4; lastKnownFileType = sourcecode.c.h; path = AFFEventHandler.h; sourceTree = "<group>"; };
		765452EF179C4130003F40B3 /* AFFEventHandler.m */ = {isa = PBXFileReference; fileEncoding = 4; lastKnownFileType = sourcecode.c.objc; path = AFFEventHandler.m; sourceTree = "<group>"; };
		765452F1179C4130003F40B3 /* AFFEventSystemHandler.h */ = {isa = PBXFileReference; fileEncoding = 4; lastKnownFileType = sourcecode.c.h; path = AFFEventSystemHandler.h; sourceTree = "<group>"; };
		765452F2179C4130003F40B3 /* AFFEventSystemHandler.m */ = {isa = PBXFileReference; fileEncoding = 4; lastKnownFileType = sourcecode.c.objc; path = AFFEventSystemHandler.m; sourceTree = "<group>"; };
		765452FD179C415D003F40B3 /* TestHarness.app */ = {isa = PBXFileReference; explicitFileType = wrapper.application; includeInIndex = 0; path = TestHarness.app; sourceTree = BUILT_PRODUCTS_DIR; };
		765452FE179C415D003F40B3 /* UIKit.framework */ = {isa = PBXFileReference; lastKnownFileType = wrapper.framework; name = UIKit.framework; path = System/Library/Frameworks/UIKit.framework; sourceTree = SDKROOT; };
		76545301179C415D003F40B3 /* CoreGraphics.framework */ = {isa = PBXFileReference; lastKnownFileType = wrapper.framework; name = CoreGraphics.framework; path = System/Library/Frameworks/CoreGraphics.framework; sourceTree = SDKROOT; };
		76545305179C415D003F40B3 /* TestHarness-Info.plist */ = {isa = PBXFileReference; lastKnownFileType = text.plist.xml; path = "TestHarness-Info.plist"; sourceTree = "<group>"; };
		76545307179C415D003F40B3 /* en */ = {isa = PBXFileReference; lastKnownFileType = text.plist.strings; name = en; path = en.lproj/InfoPlist.strings; sourceTree = "<group>"; };
		76545309179C415D003F40B3 /* main.m */ = {isa = PBXFileReference; lastKnownFileType = sourcecode.c.objc; path = main.m; sourceTree = "<group>"; };
		7654530B179C415D003F40B3 /* TestHarness-Prefix.pch */ = {isa = PBXFileReference; lastKnownFileType = sourcecode.c.h; path = "TestHarness-Prefix.pch"; sourceTree = "<group>"; };
		7654530C179C415D003F40B3 /* AppDelegate.h */ = {isa = PBXFileReference; lastKnownFileType = sourcecode.c.h; path = AppDelegate.h; sourceTree = "<group>"; };
		7654530D179C415D003F40B3 /* AppDelegate.m */ = {isa = PBXFileReference; lastKnownFileType = sourcecode.c.objc; path = AppDelegate.m; sourceTree = "<group>"; };
		7654530F179C415D003F40B3 /* Default.png */ = {isa = PBXFileReference; lastKnownFileType = image.png; path = Default.png; sourceTree = "<group>"; };
		76545311179C415D003F40B3 /* Default@2x.png */ = {isa = PBXFileReference; lastKnownFileType = image.png; path = "Default@2x.png"; sourceTree = "<group>"; };
		76545313179C415D003F40B3 /* Default-568h@2x.png */ = {isa = PBXFileReference; lastKnownFileType = image.png; path = "Default-568h@2x.png"; sourceTree = "<group>"; };
		76545315179C415D003F40B3 /* ViewController.h */ = {isa = PBXFileReference; lastKnownFileType = sourcecode.c.h; path = ViewController.h; sourceTree = "<group>"; };
		76545316179C415D003F40B3 /* ViewController.m */ = {isa = PBXFileReference; lastKnownFileType = sourcecode.c.objc; path = ViewController.m; sourceTree = "<group>"; };
		76545393179C6B8B003F40B3 /* TestButton.h */ = {isa = PBXFileReference; fileEncoding = 4; lastKnownFileType = sourcecode.c.h; name = TestButton.h; path = TestButton/TestButton.h; sourceTree = "<group>"; };
		76545394179C6B8B003F40B3 /* TestButton.m */ = {isa = PBXFileReference; fileEncoding = 4; lastKnownFileType = sourcecode.c.objc; name = TestButton.m; path = TestButton/TestButton.m; sourceTree = "<group>"; };
		769CE0EF17ADFA4000AFDA68 /* AFFBlock.h */ = {isa = PBXFileReference; fileEncoding = 4; lastKnownFileType = sourcecode.c.h; name = AFFBlock.h; path = AFFBlock/AFFBlock.h; sourceTree = "<group>"; };
		769CE0F017ADFA4000AFDA68 /* AFFBlock.m */ = {isa = PBXFileReference; fileEncoding = 4; lastKnownFileType = sourcecode.c.objc; name = AFFBlock.m; path = AFFBlock/AFFBlock.m; sourceTree = "<group>"; };
/* End PBXFileReference section */

/* Begin PBXFrameworksBuildPhase section */
		76499A2417B07C3200111705 /* Frameworks */ = {
			isa = PBXFrameworksBuildPhase;
			buildActionMask = 2147483647;
			files = (
				76499A2817B07C3200111705 /* Cocoa.framework in Frameworks */,
			);
			runOnlyForDeploymentPostprocessing = 0;
		};
		765452FA179C415D003F40B3 /* Frameworks */ = {
			isa = PBXFrameworksBuildPhase;
			buildActionMask = 2147483647;
			files = (
				765452FF179C415D003F40B3 /* UIKit.framework in Frameworks */,
				76545300179C415D003F40B3 /* Foundation.framework in Frameworks */,
				76545302179C415D003F40B3 /* CoreGraphics.framework in Frameworks */,
			);
			runOnlyForDeploymentPostprocessing = 0;
		};
/* End PBXFrameworksBuildPhase section */

/* Begin PBXGroup section */
		764999D717B077AB00111705 /* Other Frameworks */ = {
			isa = PBXGroup;
			children = (
				764999D817B077AB00111705 /* AppKit.framework */,
				764999D917B077AB00111705 /* CoreData.framework */,
				764999DA17B077AB00111705 /* Foundation.framework */,
			);
			name = "Other Frameworks";
			sourceTree = "<group>";
		};
		76499A2917B07C3200111705 /* TestHarnessOSX */ = {
			isa = PBXGroup;
			children = (
				76499A3517B07C3200111705 /* AppDelegate.h */,
				76499A3617B07C3200111705 /* AppDelegate.m */,
				76499A2A17B07C3200111705 /* Supporting Files */,
				76499A4717B0846B00111705 /* TestButton */,
			);
			path = TestHarnessOSX;
			sourceTree = "<group>";
		};
		76499A2A17B07C3200111705 /* Supporting Files */ = {
			isa = PBXGroup;
			children = (
				76499A2B17B07C3200111705 /* TestHarnessOSX-Info.plist */,
				76499A2C17B07C3200111705 /* InfoPlist.strings */,
				76499A2F17B07C3200111705 /* main.m */,
				76499A3117B07C3200111705 /* TestHarnessOSX-Prefix.pch */,
				76499A3217B07C3200111705 /* Credits.rtf */,
			);
			name = "Supporting Files";
			sourceTree = "<group>";
		};
		76499A4717B0846B00111705 /* TestButton */ = {
			isa = PBXGroup;
			children = (
				76499A4817B0849100111705 /* TestButton.h */,
				76499A4917B0849100111705 /* TestButton.m */,
			);
			name = TestButton;
			sourceTree = "<group>";
		};
		765452CB179C40DB003F40B3 = {
			isa = PBXGroup;
			children = (
				765452D9179C40DB003F40B3 /* AFFEvent */,
				76545303179C415D003F40B3 /* TestHarness */,
				76499A2917B07C3200111705 /* TestHarnessOSX */,
				765452D6179C40DB003F40B3 /* Frameworks */,
				765452D5179C40DB003F40B3 /* Products */,
			);
			sourceTree = "<group>";
		};
		765452D5179C40DB003F40B3 /* Products */ = {
			isa = PBXGroup;
			children = (
				765452FD179C415D003F40B3 /* TestHarness.app */,
				76499A2717B07C3200111705 /* TestHarnessOSX.app */,
			);
			name = Products;
			sourceTree = "<group>";
		};
		765452D6179C40DB003F40B3 /* Frameworks */ = {
			isa = PBXGroup;
			children = (
				765452D7179C40DB003F40B3 /* Foundation.framework */,
				765452FE179C415D003F40B3 /* UIKit.framework */,
				76545301179C415D003F40B3 /* CoreGraphics.framework */,
				764999D517B077AB00111705 /* Cocoa.framework */,
				764999D717B077AB00111705 /* Other Frameworks */,
			);
			name = Frameworks;
			sourceTree = "<group>";
		};
		765452D9179C40DB003F40B3 /* AFFEvent */ = {
			isa = PBXGroup;
			children = (
				769CE0EE17ADFA1500AFDA68 /* AFFBlock */,
				765452E5179C4130003F40B3 /* AFFEvent */,
				765452E8179C4130003F40B3 /* AFFEventAPI */,
				765452EB179C4130003F40B3 /* AFFEventCenter */,
				765452ED179C4130003F40B3 /* AFFEventHandler */,
				765452F0179C4130003F40B3 /* AFFEventSystemHandler */,
			);
			path = AFFEvent;
			sourceTree = "<group>";
		};
		765452E5179C4130003F40B3 /* AFFEvent */ = {
			isa = PBXGroup;
			children = (
				765452E6179C4130003F40B3 /* AFFEvent.h */,
				765452E7179C4130003F40B3 /* AFFEvent.m */,
			);
			path = AFFEvent;
			sourceTree = "<group>";
		};
		765452E8179C4130003F40B3 /* AFFEventAPI */ = {
			isa = PBXGroup;
			children = (
				765452E9179C4130003F40B3 /* AFFEventAPI.h */,
				765452EA179C4130003F40B3 /* AFFEventAPI.m */,
			);
			path = AFFEventAPI;
			sourceTree = "<group>";
		};
		765452EB179C4130003F40B3 /* AFFEventCenter */ = {
			isa = PBXGroup;
			children = (
				765452EC179C4130003F40B3 /* AFFEventCenter.h */,
			);
			path = AFFEventCenter;
			sourceTree = "<group>";
		};
		765452ED179C4130003F40B3 /* AFFEventHandler */ = {
			isa = PBXGroup;
			children = (
				765452EE179C4130003F40B3 /* AFFEventHandler.h */,
				765452EF179C4130003F40B3 /* AFFEventHandler.m */,
			);
			path = AFFEventHandler;
			sourceTree = "<group>";
		};
		765452F0179C4130003F40B3 /* AFFEventSystemHandler */ = {
			isa = PBXGroup;
			children = (
				765452F1179C4130003F40B3 /* AFFEventSystemHandler.h */,
				765452F2179C4130003F40B3 /* AFFEventSystemHandler.m */,
			);
			path = AFFEventSystemHandler;
			sourceTree = "<group>";
		};
		76545303179C415D003F40B3 /* TestHarness */ = {
			isa = PBXGroup;
			children = (
				7654530C179C415D003F40B3 /* AppDelegate.h */,
				7654530D179C415D003F40B3 /* AppDelegate.m */,
				76545304179C415D003F40B3 /* Supporting Files */,
				76545392179C6B72003F40B3 /* TestButton */,
				76545315179C415D003F40B3 /* ViewController.h */,
				76545316179C415D003F40B3 /* ViewController.m */,
			);
			path = TestHarness;
			sourceTree = "<group>";
		};
		76545304179C415D003F40B3 /* Supporting Files */ = {
			isa = PBXGroup;
			children = (
				76545305179C415D003F40B3 /* TestHarness-Info.plist */,
				76545306179C415D003F40B3 /* InfoPlist.strings */,
				76545309179C415D003F40B3 /* main.m */,
				7654530B179C415D003F40B3 /* TestHarness-Prefix.pch */,
				7654530F179C415D003F40B3 /* Default.png */,
				76545311179C415D003F40B3 /* Default@2x.png */,
				76545313179C415D003F40B3 /* Default-568h@2x.png */,
			);
			name = "Supporting Files";
			sourceTree = "<group>";
		};
		76545392179C6B72003F40B3 /* TestButton */ = {
			isa = PBXGroup;
			children = (
				76545393179C6B8B003F40B3 /* TestButton.h */,
				76545394179C6B8B003F40B3 /* TestButton.m */,
			);
			name = TestButton;
			sourceTree = "<group>";
		};
		769CE0EE17ADFA1500AFDA68 /* AFFBlock */ = {
			isa = PBXGroup;
			children = (
				769CE0EF17ADFA4000AFDA68 /* AFFBlock.h */,
				769CE0F017ADFA4000AFDA68 /* AFFBlock.m */,
			);
			name = AFFBlock;
			sourceTree = "<group>";
		};
/* End PBXGroup section */

/* Begin PBXNativeTarget section */
		76499A2617B07C3200111705 /* TestHarnessOSX */ = {
			isa = PBXNativeTarget;
			buildConfigurationList = 76499A3B17B07C3200111705 /* Build configuration list for PBXNativeTarget "TestHarnessOSX" */;
			buildPhases = (
				76499A2317B07C3200111705 /* Sources */,
				76499A2417B07C3200111705 /* Frameworks */,
				76499A2517B07C3200111705 /* Resources */,
			);
			buildRules = (
			);
			dependencies = (
			);
			name = TestHarnessOSX;
			productName = TestHarnessOSX;
			productReference = 76499A2717B07C3200111705 /* TestHarnessOSX.app */;
			productType = "com.apple.product-type.application";
		};
		765452FC179C415D003F40B3 /* TestHarness */ = {
			isa = PBXNativeTarget;
			buildConfigurationList = 7654531E179C415D003F40B3 /* Build configuration list for PBXNativeTarget "TestHarness" */;
			buildPhases = (
				765452F9179C415D003F40B3 /* Sources */,
				765452FA179C415D003F40B3 /* Frameworks */,
				765452FB179C415D003F40B3 /* Resources */,
			);
			buildRules = (
			);
			dependencies = (
			);
			name = TestHarness;
			productName = TestHarness;
			productReference = 765452FD179C415D003F40B3 /* TestHarness.app */;
			productType = "com.apple.product-type.application";
		};
/* End PBXNativeTarget section */

/* Begin PBXProject section */
		765452CC179C40DB003F40B3 /* Project object */ = {
			isa = PBXProject;
			attributes = {
				LastUpgradeCheck = 0460;
				ORGANIZATIONNAME = AFApps;
			};
			buildConfigurationList = 765452CF179C40DB003F40B3 /* Build configuration list for PBXProject "AFFEvent" */;
			compatibilityVersion = "Xcode 3.2";
			developmentRegion = English;
			hasScannedForEncodings = 0;
			knownRegions = (
				en,
			);
			mainGroup = 765452CB179C40DB003F40B3;
			productRefGroup = 765452D5179C40DB003F40B3 /* Products */;
			projectDirPath = "";
			projectRoot = "";
			targets = (
				765452FC179C415D003F40B3 /* TestHarness */,
				76499A2617B07C3200111705 /* TestHarnessOSX */,
			);
		};
/* End PBXProject section */

/* Begin PBXResourcesBuildPhase section */
		76499A2517B07C3200111705 /* Resources */ = {
			isa = PBXResourcesBuildPhase;
			buildActionMask = 2147483647;
			files = (
				76499A2E17B07C3200111705 /* InfoPlist.strings in Resources */,
				76499A3417B07C3200111705 /* Credits.rtf in Resources */,
			);
			runOnlyForDeploymentPostprocessing = 0;
		};
		765452FB179C415D003F40B3 /* Resources */ = {
			isa = PBXResourcesBuildPhase;
			buildActionMask = 2147483647;
			files = (
				76545308179C415D003F40B3 /* InfoPlist.strings in Resources */,
				76545310179C415D003F40B3 /* Default.png in Resources */,
				76545312179C415D003F40B3 /* Default@2x.png in Resources */,
				76545314179C415D003F40B3 /* Default-568h@2x.png in Resources */,
			);
			runOnlyForDeploymentPostprocessing = 0;
		};
/* End PBXResourcesBuildPhase section */

/* Begin PBXSourcesBuildPhase section */
		76499A2317B07C3200111705 /* Sources */ = {
			isa = PBXSourcesBuildPhase;
			buildActionMask = 2147483647;
			files = (
				76499A3E17B07C4700111705 /* AFFBlock.m in Sources */,
				76499A3F17B07C4700111705 /* AFFEvent.m in Sources */,
				76499A4017B07C4700111705 /* AFFEventAPI.m in Sources */,
				76499A4117B07C4700111705 /* AFFEventHandler.m in Sources */,
				76499A4217B07C4700111705 /* AFFEventSystemHandler.m in Sources */,
				76499A3017B07C3200111705 /* main.m in Sources */,
				76499A3717B07C3200111705 /* AppDelegate.m in Sources */,
				76499A4A17B0849100111705 /* TestButton.m in Sources */,
			);
			runOnlyForDeploymentPostprocessing = 0;
		};
		765452F9179C415D003F40B3 /* Sources */ = {
			isa = PBXSourcesBuildPhase;
			buildActionMask = 2147483647;
			files = (
				7654530A179C415D003F40B3 /* main.m in Sources */,
				7654530E179C415D003F40B3 /* AppDelegate.m in Sources */,
				76545395179C6B8B003F40B3 /* TestButton.m in Sources */,
				764999F617B079C700111705 /* AFFBlock.m in Sources */,
				764999F917B079D500111705 /* AFFEvent.m in Sources */,
				764999FA17B079D900111705 /* AFFEventAPI.m in Sources */,
				764999FD17B079E200111705 /* AFFEventHandler.m in Sources */,
				764999FF17B079E500111705 /* AFFEventSystemHandler.m in Sources */,
				76499A4617B0809600111705 /* ViewController.m in Sources */,
			);
			runOnlyForDeploymentPostprocessing = 0;
		};
/* End PBXSourcesBuildPhase section */

/* Begin PBXVariantGroup section */
		76499A2C17B07C3200111705 /* InfoPlist.strings */ = {
			isa = PBXVariantGroup;
			children = (
				76499A2D17B07C3200111705 /* en */,
			);
			name = InfoPlist.strings;
			sourceTree = "<group>";
		};
		76499A3217B07C3200111705 /* Credits.rtf */ = {
			isa = PBXVariantGroup;
			children = (
				76499A3317B07C3200111705 /* en */,
			);
			name = Credits.rtf;
			sourceTree = "<group>";
		};
		76545306179C415D003F40B3 /* InfoPlist.strings */ = {
			isa = PBXVariantGroup;
			children = (
				76545307179C415D003F40B3 /* en */,
			);
			name = InfoPlist.strings;
			sourceTree = "<group>";
		};
/* End PBXVariantGroup section */

/* Begin XCBuildConfiguration section */
		76499A3C17B07C3200111705 /* Debug */ = {
			isa = XCBuildConfiguration;
			buildSettings = {
				ARCHS = "$(ARCHS_STANDARD_64_BIT)";
				CLANG_ENABLE_OBJC_ARC = YES;
				COMBINE_HIDPI_IMAGES = YES;
				FRAMEWORK_SEARCH_PATHS = (
					"$(inherited)",
					"\"$(SYSTEM_APPS_DIR)/Xcode.app/Contents/Developer/Library/Frameworks\"",
				);
				GCC_ENABLE_OBJC_EXCEPTIONS = YES;
				GCC_PRECOMPILE_PREFIX_HEADER = YES;
				GCC_PREFIX_HEADER = "TestHarnessOSX/TestHarnessOSX-Prefix.pch";
				GCC_WARN_64_TO_32_BIT_CONVERSION = YES;
				INFOPLIST_FILE = "TestHarnessOSX/TestHarnessOSX-Info.plist";
				MACOSX_DEPLOYMENT_TARGET = 10.8;
				PRODUCT_NAME = "$(TARGET_NAME)";
				SDKROOT = macosx;
				WRAPPER_EXTENSION = app;
			};
			name = Debug;
		};
		76499A3D17B07C3200111705 /* Release */ = {
			isa = XCBuildConfiguration;
			buildSettings = {
				ARCHS = "$(ARCHS_STANDARD_64_BIT)";
				CLANG_ENABLE_OBJC_ARC = YES;
				COMBINE_HIDPI_IMAGES = YES;
				DEBUG_INFORMATION_FORMAT = "dwarf-with-dsym";
				FRAMEWORK_SEARCH_PATHS = (
					"$(inherited)",
					"\"$(SYSTEM_APPS_DIR)/Xcode.app/Contents/Developer/Library/Frameworks\"",
				);
				GCC_ENABLE_OBJC_EXCEPTIONS = YES;
				GCC_PRECOMPILE_PREFIX_HEADER = YES;
				GCC_PREFIX_HEADER = "TestHarnessOSX/TestHarnessOSX-Prefix.pch";
				GCC_WARN_64_TO_32_BIT_CONVERSION = YES;
				INFOPLIST_FILE = "TestHarnessOSX/TestHarnessOSX-Info.plist";
				MACOSX_DEPLOYMENT_TARGET = 10.8;
				PRODUCT_NAME = "$(TARGET_NAME)";
				SDKROOT = macosx;
				WRAPPER_EXTENSION = app;
			};
			name = Release;
		};
		765452E0179C40DB003F40B3 /* Debug */ = {
			isa = XCBuildConfiguration;
			buildSettings = {
				ALWAYS_SEARCH_USER_PATHS = NO;
				CLANG_CXX_LANGUAGE_STANDARD = "gnu++0x";
				CLANG_CXX_LIBRARY = "libc++";
				CLANG_WARN_CONSTANT_CONVERSION = YES;
				CLANG_WARN_EMPTY_BODY = YES;
				CLANG_WARN_ENUM_CONVERSION = YES;
				CLANG_WARN_INT_CONVERSION = YES;
				CLANG_WARN__DUPLICATE_METHOD_MATCH = YES;
				COPY_PHASE_STRIP = NO;
				GCC_C_LANGUAGE_STANDARD = gnu99;
				GCC_DYNAMIC_NO_PIC = NO;
				GCC_OPTIMIZATION_LEVEL = 0;
				GCC_PREPROCESSOR_DEFINITIONS = (
					"DEBUG=1",
					"$(inherited)",
				);
				GCC_SYMBOLS_PRIVATE_EXTERN = NO;
				GCC_WARN_ABOUT_RETURN_TYPE = YES;
				GCC_WARN_UNINITIALIZED_AUTOS = YES;
				GCC_WARN_UNUSED_VARIABLE = YES;
				IPHONEOS_DEPLOYMENT_TARGET = 4.3;
				ONLY_ACTIVE_ARCH = YES;
				SDKROOT = iphoneos;
			};
			name = Debug;
		};
		765452E1179C40DB003F40B3 /* Release */ = {
			isa = XCBuildConfiguration;
			buildSettings = {
				ALWAYS_SEARCH_USER_PATHS = NO;
				CLANG_CXX_LANGUAGE_STANDARD = "gnu++0x";
				CLANG_CXX_LIBRARY = "libc++";
				CLANG_WARN_CONSTANT_CONVERSION = YES;
				CLANG_WARN_EMPTY_BODY = YES;
				CLANG_WARN_ENUM_CONVERSION = YES;
				CLANG_WARN_INT_CONVERSION = YES;
				CLANG_WARN__DUPLICATE_METHOD_MATCH = YES;
				COPY_PHASE_STRIP = YES;
				GCC_C_LANGUAGE_STANDARD = gnu99;
				GCC_WARN_ABOUT_RETURN_TYPE = YES;
				GCC_WARN_UNINITIALIZED_AUTOS = YES;
				GCC_WARN_UNUSED_VARIABLE = YES;
				IPHONEOS_DEPLOYMENT_TARGET = 4.3;
				SDKROOT = iphoneos;
				VALIDATE_PRODUCT = YES;
			};
			name = Release;
		};
		7654531F179C415D003F40B3 /* Debug */ = {
			isa = XCBuildConfiguration;
			buildSettings = {
				CLANG_ENABLE_OBJC_ARC = YES;
				"CODE_SIGN_IDENTITY[sdk=iphoneos*]" = "iPhone Developer";
				GCC_PRECOMPILE_PREFIX_HEADER = YES;
				GCC_PREFIX_HEADER = "TestHarness/TestHarness-Prefix.pch";
				INFOPLIST_FILE = "TestHarness/TestHarness-Info.plist";
				IPHONEOS_DEPLOYMENT_TARGET = 4.3;
				OTHER_LDFLAGS = "-ObjC";
				PRODUCT_NAME = "$(TARGET_NAME)";
				TARGETED_DEVICE_FAMILY = "1,2";
				WRAPPER_EXTENSION = app;
			};
			name = Debug;
		};
		76545320179C415D003F40B3 /* Release */ = {
			isa = XCBuildConfiguration;
			buildSettings = {
				CLANG_ENABLE_OBJC_ARC = YES;
				"CODE_SIGN_IDENTITY[sdk=iphoneos*]" = "iPhone Developer";
				GCC_PRECOMPILE_PREFIX_HEADER = YES;
				GCC_PREFIX_HEADER = "TestHarness/TestHarness-Prefix.pch";
				INFOPLIST_FILE = "TestHarness/TestHarness-Info.plist";
				IPHONEOS_DEPLOYMENT_TARGET = 4.3;
				OTHER_CFLAGS = "-DNS_BLOCK_ASSERTIONS=1";
				OTHER_LDFLAGS = "-ObjC";
				PRODUCT_NAME = "$(TARGET_NAME)";
				TARGETED_DEVICE_FAMILY = "1,2";
				WRAPPER_EXTENSION = app;
			};
			name = Release;
		};
/* End XCBuildConfiguration section */

/* Begin XCConfigurationList section */
		76499A3B17B07C3200111705 /* Build configuration list for PBXNativeTarget "TestHarnessOSX" */ = {
			isa = XCConfigurationList;
			buildConfigurations = (
				76499A3C17B07C3200111705 /* Debug */,
				76499A3D17B07C3200111705 /* Release */,
			);
			defaultConfigurationIsVisible = 0;
		};
		765452CF179C40DB003F40B3 /* Build configuration list for PBXProject "AFFEvent" */ = {
			isa = XCConfigurationList;
			buildConfigurations = (
				765452E0179C40DB003F40B3 /* Debug */,
				765452E1179C40DB003F40B3 /* Release */,
			);
			defaultConfigurationIsVisible = 0;
			defaultConfigurationName = Release;
		};
		7654531E179C415D003F40B3 /* Build configuration list for PBXNativeTarget "TestHarness" */ = {
			isa = XCConfigurationList;
			buildConfigurations = (
				7654531F179C415D003F40B3 /* Debug */,
				76545320179C415D003F40B3 /* Release */,
			);
			defaultConfigurationIsVisible = 0;
			defaultConfigurationName = Release;
		};
/* End XCConfigurationList section */
	};
	rootObject = 765452CC179C40DB003F40B3 /* Project object */;
}
